// !$*UTF8*$!
{
	archiveVersion = 1;
	classes = {
	};
	objectVersion = 56;
	objects = {

/* Begin PBXBuildFile section */
		811BF1982C58DA3800791153 /* AssignmentViewController.swift in Sources */ = {isa = PBXBuildFile; fileRef = 811BF1972C58DA3800791153 /* AssignmentViewController.swift */; };
		81C9FB432C59DF120042D83E /* UserViewController.swift in Sources */ = {isa = PBXBuildFile; fileRef = 81C9FB422C59DF120042D83E /* UserViewController.swift */; };
		81C9FB452C5A08840042D83E /* Assignment2ViewController.swift in Sources */ = {isa = PBXBuildFile; fileRef = 81C9FB442C5A08840042D83E /* Assignment2ViewController.swift */; };
		81E623F02C58754E003FE605 /* AppDelegate.swift in Sources */ = {isa = PBXBuildFile; fileRef = 81E623EF2C58754E003FE605 /* AppDelegate.swift */; };
		81E623F22C58754E003FE605 /* SceneDelegate.swift in Sources */ = {isa = PBXBuildFile; fileRef = 81E623F12C58754E003FE605 /* SceneDelegate.swift */; };
		81E623F42C58754E003FE605 /* ViewController.swift in Sources */ = {isa = PBXBuildFile; fileRef = 81E623F32C58754E003FE605 /* ViewController.swift */; };
		81E623F92C58754F003FE605 /* Assets.xcassets in Resources */ = {isa = PBXBuildFile; fileRef = 81E623F82C58754F003FE605 /* Assets.xcassets */; };
		81E624052C5875A3003FE605 /* RxCocoa in Frameworks */ = {isa = PBXBuildFile; productRef = 81E624042C5875A3003FE605 /* RxCocoa */; };
		81E624072C5875A3003FE605 /* RxSwift in Frameworks */ = {isa = PBXBuildFile; productRef = 81E624062C5875A3003FE605 /* RxSwift */; };
		81E6240B2C587AF8003FE605 /* SnapKit in Frameworks */ = {isa = PBXBuildFile; productRef = 81E6240A2C587AF8003FE605 /* SnapKit */; };
		81E6240D2C58AC8B003FE605 /* BasicButtonViewController.swift in Sources */ = {isa = PBXBuildFile; fileRef = 81E6240C2C58AC8B003FE605 /* BasicButtonViewController.swift */; };
		81E6240F2C58C06C003FE605 /* OperatorViewController.swift in Sources */ = {isa = PBXBuildFile; fileRef = 81E6240E2C58C06C003FE605 /* OperatorViewController.swift */; };
/* End PBXBuildFile section */

/* Begin PBXFileReference section */
		811BF1972C58DA3800791153 /* AssignmentViewController.swift */ = {isa = PBXFileReference; lastKnownFileType = sourcecode.swift; path = AssignmentViewController.swift; sourceTree = "<group>"; };
		81C9FB422C59DF120042D83E /* UserViewController.swift */ = {isa = PBXFileReference; lastKnownFileType = sourcecode.swift; path = UserViewController.swift; sourceTree = "<group>"; };
		81C9FB442C5A08840042D83E /* Assignment2ViewController.swift */ = {isa = PBXFileReference; lastKnownFileType = sourcecode.swift; path = Assignment2ViewController.swift; sourceTree = "<group>"; };
		81E623EC2C58754E003FE605 /* rxswift-basic.app */ = {isa = PBXFileReference; explicitFileType = wrapper.application; includeInIndex = 0; path = "rxswift-basic.app"; sourceTree = BUILT_PRODUCTS_DIR; };
		81E623EF2C58754E003FE605 /* AppDelegate.swift */ = {isa = PBXFileReference; lastKnownFileType = sourcecode.swift; path = AppDelegate.swift; sourceTree = "<group>"; };
		81E623F12C58754E003FE605 /* SceneDelegate.swift */ = {isa = PBXFileReference; lastKnownFileType = sourcecode.swift; path = SceneDelegate.swift; sourceTree = "<group>"; };
		81E623F32C58754E003FE605 /* ViewController.swift */ = {isa = PBXFileReference; lastKnownFileType = sourcecode.swift; path = ViewController.swift; sourceTree = "<group>"; };
		81E623F82C58754F003FE605 /* Assets.xcassets */ = {isa = PBXFileReference; lastKnownFileType = folder.assetcatalog; path = Assets.xcassets; sourceTree = "<group>"; };
		81E623FD2C58754F003FE605 /* Info.plist */ = {isa = PBXFileReference; lastKnownFileType = text.plist.xml; path = Info.plist; sourceTree = "<group>"; };
		81E6240C2C58AC8B003FE605 /* BasicButtonViewController.swift */ = {isa = PBXFileReference; lastKnownFileType = sourcecode.swift; path = BasicButtonViewController.swift; sourceTree = "<group>"; };
		81E6240E2C58C06C003FE605 /* OperatorViewController.swift */ = {isa = PBXFileReference; lastKnownFileType = sourcecode.swift; path = OperatorViewController.swift; sourceTree = "<group>"; };
/* End PBXFileReference section */

/* Begin PBXFrameworksBuildPhase section */
		81E623E92C58754E003FE605 /* Frameworks */ = {
			isa = PBXFrameworksBuildPhase;
			buildActionMask = 2147483647;
			files = (
				81E6240B2C587AF8003FE605 /* SnapKit in Frameworks */,
				81E624072C5875A3003FE605 /* RxSwift in Frameworks */,
				81E624052C5875A3003FE605 /* RxCocoa in Frameworks */,
			);
			runOnlyForDeploymentPostprocessing = 0;
		};
/* End PBXFrameworksBuildPhase section */

/* Begin PBXGroup section */
		811BF1962C58D9D100791153 /* assignments */ = {
			isa = PBXGroup;
			children = (
				811BF1972C58DA3800791153 /* AssignmentViewController.swift */,
				81C9FB442C5A08840042D83E /* Assignment2ViewController.swift */,
			);
			path = assignments;
			sourceTree = "<group>";
		};
		81E623E32C58754E003FE605 = {
			isa = PBXGroup;
			children = (
				81E623EE2C58754E003FE605 /* rxswift-basic */,
				81E623ED2C58754E003FE605 /* Products */,
			);
			sourceTree = "<group>";
		};
		81E623ED2C58754E003FE605 /* Products */ = {
			isa = PBXGroup;
			children = (
				81E623EC2C58754E003FE605 /* rxswift-basic.app */,
			);
			name = Products;
			sourceTree = "<group>";
		};
		81E623EE2C58754E003FE605 /* rxswift-basic */ = {
			isa = PBXGroup;
			children = (
				811BF1962C58D9D100791153 /* assignments */,
				81C9FB422C59DF120042D83E /* UserViewController.swift */,
				81E6240E2C58C06C003FE605 /* OperatorViewController.swift */,
				81E6240C2C58AC8B003FE605 /* BasicButtonViewController.swift */,
				81E623EF2C58754E003FE605 /* AppDelegate.swift */,
				81E623F12C58754E003FE605 /* SceneDelegate.swift */,
				81E623F32C58754E003FE605 /* ViewController.swift */,
				81E623F82C58754F003FE605 /* Assets.xcassets */,
				81E623FD2C58754F003FE605 /* Info.plist */,
			);
			path = "rxswift-basic";
			sourceTree = "<group>";
		};
/* End PBXGroup section */

/* Begin PBXNativeTarget section */
		81E623EB2C58754E003FE605 /* rxswift-basic */ = {
			isa = PBXNativeTarget;
			buildConfigurationList = 81E624002C58754F003FE605 /* Build configuration list for PBXNativeTarget "rxswift-basic" */;
			buildPhases = (
				81E623E82C58754E003FE605 /* Sources */,
				81E623E92C58754E003FE605 /* Frameworks */,
				81E623EA2C58754E003FE605 /* Resources */,
			);
			buildRules = (
			);
			dependencies = (
			);
			name = "rxswift-basic";
			packageProductDependencies = (
				81E624042C5875A3003FE605 /* RxCocoa */,
				81E624062C5875A3003FE605 /* RxSwift */,
				81E6240A2C587AF8003FE605 /* SnapKit */,
			);
			productName = "rxswift-basic";
			productReference = 81E623EC2C58754E003FE605 /* rxswift-basic.app */;
			productType = "com.apple.product-type.application";
		};
/* End PBXNativeTarget section */

/* Begin PBXProject section */
		81E623E42C58754E003FE605 /* Project object */ = {
			isa = PBXProject;
			attributes = {
				BuildIndependentTargetsInParallel = 1;
				LastSwiftUpdateCheck = 1540;
				LastUpgradeCheck = 1540;
				TargetAttributes = {
					81E623EB2C58754E003FE605 = {
						CreatedOnToolsVersion = 15.4;
					};
				};
			};
			buildConfigurationList = 81E623E72C58754E003FE605 /* Build configuration list for PBXProject "rxswift-basic" */;
			compatibilityVersion = "Xcode 14.0";
			developmentRegion = en;
			hasScannedForEncodings = 0;
			knownRegions = (
				en,
				Base,
			);
			mainGroup = 81E623E32C58754E003FE605;
			packageReferences = (
				81E624032C5875A3003FE605 /* XCRemoteSwiftPackageReference "RxSwift" */,
				81E624092C587AF8003FE605 /* XCRemoteSwiftPackageReference "SnapKit" */,
			);
			productRefGroup = 81E623ED2C58754E003FE605 /* Products */;
			projectDirPath = "";
			projectRoot = "";
			targets = (
				81E623EB2C58754E003FE605 /* rxswift-basic */,
			);
		};
/* End PBXProject section */

/* Begin PBXResourcesBuildPhase section */
		81E623EA2C58754E003FE605 /* Resources */ = {
			isa = PBXResourcesBuildPhase;
			buildActionMask = 2147483647;
			files = (
				81E623F92C58754F003FE605 /* Assets.xcassets in Resources */,
			);
			runOnlyForDeploymentPostprocessing = 0;
		};
/* End PBXResourcesBuildPhase section */

/* Begin PBXSourcesBuildPhase section */
		81E623E82C58754E003FE605 /* Sources */ = {
			isa = PBXSourcesBuildPhase;
			buildActionMask = 2147483647;
			files = (
				81C9FB432C59DF120042D83E /* UserViewController.swift in Sources */,
				811BF1982C58DA3800791153 /* AssignmentViewController.swift in Sources */,
				81E6240F2C58C06C003FE605 /* OperatorViewController.swift in Sources */,
				81E623F42C58754E003FE605 /* ViewController.swift in Sources */,
				81C9FB452C5A08840042D83E /* Assignment2ViewController.swift in Sources */,
				81E623F02C58754E003FE605 /* AppDelegate.swift in Sources */,
				81E623F22C58754E003FE605 /* SceneDelegate.swift in Sources */,
				81E6240D2C58AC8B003FE605 /* BasicButtonViewController.swift in Sources */,
			);
			runOnlyForDeploymentPostprocessing = 0;
		};
/* End PBXSourcesBuildPhase section */

/* Begin XCBuildConfiguration section */
		81E623FE2C58754F003FE605 /* Debug */ = {
			isa = XCBuildConfiguration;
			buildSettings = {
				ALWAYS_SEARCH_USER_PATHS = NO;
				ASSETCATALOG_COMPILER_GENERATE_SWIFT_ASSET_SYMBOL_EXTENSIONS = YES;
				CLANG_ANALYZER_NONNULL = YES;
				CLANG_ANALYZER_NUMBER_OBJECT_CONVERSION = YES_AGGRESSIVE;
				CLANG_CXX_LANGUAGE_STANDARD = "gnu++20";
				CLANG_ENABLE_MODULES = YES;
				CLANG_ENABLE_OBJC_ARC = YES;
				CLANG_ENABLE_OBJC_WEAK = YES;
				CLANG_WARN_BLOCK_CAPTURE_AUTORELEASING = YES;
				CLANG_WARN_BOOL_CONVERSION = YES;
				CLANG_WARN_COMMA = YES;
				CLANG_WARN_CONSTANT_CONVERSION = YES;
				CLANG_WARN_DEPRECATED_OBJC_IMPLEMENTATIONS = YES;
				CLANG_WARN_DIRECT_OBJC_ISA_USAGE = YES_ERROR;
				CLANG_WARN_DOCUMENTATION_COMMENTS = YES;
				CLANG_WARN_EMPTY_BODY = YES;
				CLANG_WARN_ENUM_CONVERSION = YES;
				CLANG_WARN_INFINITE_RECURSION = YES;
				CLANG_WARN_INT_CONVERSION = YES;
				CLANG_WARN_NON_LITERAL_NULL_CONVERSION = YES;
				CLANG_WARN_OBJC_IMPLICIT_RETAIN_SELF = YES;
				CLANG_WARN_OBJC_LITERAL_CONVERSION = YES;
				CLANG_WARN_OBJC_ROOT_CLASS = YES_ERROR;
				CLANG_WARN_QUOTED_INCLUDE_IN_FRAMEWORK_HEADER = YES;
				CLANG_WARN_RANGE_LOOP_ANALYSIS = YES;
				CLANG_WARN_STRICT_PROTOTYPES = YES;
				CLANG_WARN_SUSPICIOUS_MOVE = YES;
				CLANG_WARN_UNGUARDED_AVAILABILITY = YES_AGGRESSIVE;
				CLANG_WARN_UNREACHABLE_CODE = YES;
				CLANG_WARN__DUPLICATE_METHOD_MATCH = YES;
				COPY_PHASE_STRIP = NO;
				DEBUG_INFORMATION_FORMAT = dwarf;
				ENABLE_STRICT_OBJC_MSGSEND = YES;
				ENABLE_TESTABILITY = YES;
				ENABLE_USER_SCRIPT_SANDBOXING = YES;
				GCC_C_LANGUAGE_STANDARD = gnu17;
				GCC_DYNAMIC_NO_PIC = NO;
				GCC_NO_COMMON_BLOCKS = YES;
				GCC_OPTIMIZATION_LEVEL = 0;
				GCC_PREPROCESSOR_DEFINITIONS = (
					"DEBUG=1",
					"$(inherited)",
				);
				GCC_WARN_64_TO_32_BIT_CONVERSION = YES;
				GCC_WARN_ABOUT_RETURN_TYPE = YES_ERROR;
				GCC_WARN_UNDECLARED_SELECTOR = YES;
				GCC_WARN_UNINITIALIZED_AUTOS = YES_AGGRESSIVE;
				GCC_WARN_UNUSED_FUNCTION = YES;
				GCC_WARN_UNUSED_VARIABLE = YES;
				IPHONEOS_DEPLOYMENT_TARGET = 16.0;
				LOCALIZATION_PREFERS_STRING_CATALOGS = YES;
				MTL_ENABLE_DEBUG_INFO = INCLUDE_SOURCE;
				MTL_FAST_MATH = YES;
				ONLY_ACTIVE_ARCH = YES;
				SDKROOT = iphoneos;
				SWIFT_ACTIVE_COMPILATION_CONDITIONS = "DEBUG $(inherited)";
				SWIFT_OPTIMIZATION_LEVEL = "-Onone";
			};
			name = Debug;
		};
		81E623FF2C58754F003FE605 /* Release */ = {
			isa = XCBuildConfiguration;
			buildSettings = {
				ALWAYS_SEARCH_USER_PATHS = NO;
				ASSETCATALOG_COMPILER_GENERATE_SWIFT_ASSET_SYMBOL_EXTENSIONS = YES;
				CLANG_ANALYZER_NONNULL = YES;
				CLANG_ANALYZER_NUMBER_OBJECT_CONVERSION = YES_AGGRESSIVE;
				CLANG_CXX_LANGUAGE_STANDARD = "gnu++20";
				CLANG_ENABLE_MODULES = YES;
				CLANG_ENABLE_OBJC_ARC = YES;
				CLANG_ENABLE_OBJC_WEAK = YES;
				CLANG_WARN_BLOCK_CAPTURE_AUTORELEASING = YES;
				CLANG_WARN_BOOL_CONVERSION = YES;
				CLANG_WARN_COMMA = YES;
				CLANG_WARN_CONSTANT_CONVERSION = YES;
				CLANG_WARN_DEPRECATED_OBJC_IMPLEMENTATIONS = YES;
				CLANG_WARN_DIRECT_OBJC_ISA_USAGE = YES_ERROR;
				CLANG_WARN_DOCUMENTATION_COMMENTS = YES;
				CLANG_WARN_EMPTY_BODY = YES;
				CLANG_WARN_ENUM_CONVERSION = YES;
				CLANG_WARN_INFINITE_RECURSION = YES;
				CLANG_WARN_INT_CONVERSION = YES;
				CLANG_WARN_NON_LITERAL_NULL_CONVERSION = YES;
				CLANG_WARN_OBJC_IMPLICIT_RETAIN_SELF = YES;
				CLANG_WARN_OBJC_LITERAL_CONVERSION = YES;
				CLANG_WARN_OBJC_ROOT_CLASS = YES_ERROR;
				CLANG_WARN_QUOTED_INCLUDE_IN_FRAMEWORK_HEADER = YES;
				CLANG_WARN_RANGE_LOOP_ANALYSIS = YES;
				CLANG_WARN_STRICT_PROTOTYPES = YES;
				CLANG_WARN_SUSPICIOUS_MOVE = YES;
				CLANG_WARN_UNGUARDED_AVAILABILITY = YES_AGGRESSIVE;
				CLANG_WARN_UNREACHABLE_CODE = YES;
				CLANG_WARN__DUPLICATE_METHOD_MATCH = YES;
				COPY_PHASE_STRIP = NO;
				DEBUG_INFORMATION_FORMAT = "dwarf-with-dsym";
				ENABLE_NS_ASSERTIONS = NO;
				ENABLE_STRICT_OBJC_MSGSEND = YES;
				ENABLE_USER_SCRIPT_SANDBOXING = YES;
				GCC_C_LANGUAGE_STANDARD = gnu17;
				GCC_NO_COMMON_BLOCKS = YES;
				GCC_WARN_64_TO_32_BIT_CONVERSION = YES;
				GCC_WARN_ABOUT_RETURN_TYPE = YES_ERROR;
				GCC_WARN_UNDECLARED_SELECTOR = YES;
				GCC_WARN_UNINITIALIZED_AUTOS = YES_AGGRESSIVE;
				GCC_WARN_UNUSED_FUNCTION = YES;
				GCC_WARN_UNUSED_VARIABLE = YES;
				IPHONEOS_DEPLOYMENT_TARGET = 16.0;
				LOCALIZATION_PREFERS_STRING_CATALOGS = YES;
				MTL_ENABLE_DEBUG_INFO = NO;
				MTL_FAST_MATH = YES;
				SDKROOT = iphoneos;
				SWIFT_COMPILATION_MODE = wholemodule;
				VALIDATE_PRODUCT = YES;
			};
			name = Release;
		};
		81E624012C58754F003FE605 /* Debug */ = {
			isa = XCBuildConfiguration;
			buildSettings = {
				ASSETCATALOG_COMPILER_APPICON_NAME = AppIcon;
				ASSETCATALOG_COMPILER_GLOBAL_ACCENT_COLOR_NAME = AccentColor;
				CODE_SIGN_STYLE = Automatic;
				CURRENT_PROJECT_VERSION = 1;
				DEVELOPMENT_TEAM = YM49LMS87D;
				GENERATE_INFOPLIST_FILE = YES;
				INFOPLIST_FILE = "rxswift-basic/Info.plist";
				INFOPLIST_KEY_UIApplicationSupportsIndirectInputEvents = YES;
				INFOPLIST_KEY_UILaunchStoryboardName = LaunchScreen;
				INFOPLIST_KEY_UISupportedInterfaceOrientations = UIInterfaceOrientationPortrait;
				INFOPLIST_KEY_UISupportedInterfaceOrientations_iPad = "UIInterfaceOrientationLandscapeLeft UIInterfaceOrientationLandscapeRight UIInterfaceOrientationPortrait UIInterfaceOrientationPortraitUpsideDown";
				IPHONEOS_DEPLOYMENT_TARGET = 16.0;
				LD_RUNPATH_SEARCH_PATHS = (
					"$(inherited)",
					"@executable_path/Frameworks",
				);
				MARKETING_VERSION = 1.0;
				PRODUCT_BUNDLE_IDENTIFIER = "teamhk.rxswift-basic";
				PRODUCT_NAME = "$(TARGET_NAME)";
				SUPPORTED_PLATFORMS = "iphoneos iphonesimulator";
				SUPPORTS_MACCATALYST = NO;
				SUPPORTS_MAC_DESIGNED_FOR_IPHONE_IPAD = NO;
				SUPPORTS_XR_DESIGNED_FOR_IPHONE_IPAD = NO;
				SWIFT_EMIT_LOC_STRINGS = YES;
				SWIFT_VERSION = 5.0;
				TARGETED_DEVICE_FAMILY = 1;
			};
			name = Debug;
		};
		81E624022C58754F003FE605 /* Release */ = {
			isa = XCBuildConfiguration;
			buildSettings = {
				ASSETCATALOG_COMPILER_APPICON_NAME = AppIcon;
				ASSETCATALOG_COMPILER_GLOBAL_ACCENT_COLOR_NAME = AccentColor;
				CODE_SIGN_STYLE = Automatic;
				CURRENT_PROJECT_VERSION = 1;
				DEVELOPMENT_TEAM = YM49LMS87D;
				GENERATE_INFOPLIST_FILE = YES;
				INFOPLIST_FILE = "rxswift-basic/Info.plist";
				INFOPLIST_KEY_UIApplicationSupportsIndirectInputEvents = YES;
				INFOPLIST_KEY_UILaunchStoryboardName = LaunchScreen;
				INFOPLIST_KEY_UISupportedInterfaceOrientations = UIInterfaceOrientationPortrait;
				INFOPLIST_KEY_UISupportedInterfaceOrientations_iPad = "UIInterfaceOrientationLandscapeLeft UIInterfaceOrientationLandscapeRight UIInterfaceOrientationPortrait UIInterfaceOrientationPortraitUpsideDown";
				IPHONEOS_DEPLOYMENT_TARGET = 16.0;
				LD_RUNPATH_SEARCH_PATHS = (
					"$(inherited)",
					"@executable_path/Frameworks",
				);
				MARKETING_VERSION = 1.0;
				PRODUCT_BUNDLE_IDENTIFIER = "teamhk.rxswift-basic";
				PRODUCT_NAME = "$(TARGET_NAME)";
				SUPPORTED_PLATFORMS = "iphoneos iphonesimulator";
				SUPPORTS_MACCATALYST = NO;
				SUPPORTS_MAC_DESIGNED_FOR_IPHONE_IPAD = NO;
				SUPPORTS_XR_DESIGNED_FOR_IPHONE_IPAD = NO;
				SWIFT_EMIT_LOC_STRINGS = YES;
				SWIFT_VERSION = 5.0;
				TARGETED_DEVICE_FAMILY = 1;
			};
			name = Release;
		};
/* End XCBuildConfiguration section */

/* Begin XCConfigurationList section */
		81E623E72C58754E003FE605 /* Build configuration list for PBXProject "rxswift-basic" */ = {
			isa = XCConfigurationList;
			buildConfigurations = (
				81E623FE2C58754F003FE605 /* Debug */,
				81E623FF2C58754F003FE605 /* Release */,
			);
			defaultConfigurationIsVisible = 0;
			defaultConfigurationName = Release;
		};
		81E624002C58754F003FE605 /* Build configuration list for PBXNativeTarget "rxswift-basic" */ = {
			isa = XCConfigurationList;
			buildConfigurations = (
				81E624012C58754F003FE605 /* Debug */,
				81E624022C58754F003FE605 /* Release */,
			);
			defaultConfigurationIsVisible = 0;
			defaultConfigurationName = Release;
		};
/* End XCConfigurationList section */

/* Begin XCRemoteSwiftPackageReference section */
		81E624032C5875A3003FE605 /* XCRemoteSwiftPackageReference "RxSwift" */ = {
			isa = XCRemoteSwiftPackageReference;
			repositoryURL = "https://github.com/ReactiveX/RxSwift.git";
			requirement = {
				kind = upToNextMajorVersion;
				minimumVersion = 6.7.1;
			};
		};
		81E624092C587AF8003FE605 /* XCRemoteSwiftPackageReference "SnapKit" */ = {
			isa = XCRemoteSwiftPackageReference;
			repositoryURL = "https://github.com/SnapKit/SnapKit.git";
			requirement = {
				kind = upToNextMajorVersion;
				minimumVersion = 5.7.1;
			};
		};
/* End XCRemoteSwiftPackageReference section */

/* Begin XCSwiftPackageProductDependency section */
		81E624042C5875A3003FE605 /* RxCocoa */ = {
			isa = XCSwiftPackageProductDependency;
			package = 81E624032C5875A3003FE605 /* XCRemoteSwiftPackageReference "RxSwift" */;
			productName = RxCocoa;
		};
		81E624062C5875A3003FE605 /* RxSwift */ = {
			isa = XCSwiftPackageProductDependency;
			package = 81E624032C5875A3003FE605 /* XCRemoteSwiftPackageReference "RxSwift" */;
			productName = RxSwift;
		};
		81E6240A2C587AF8003FE605 /* SnapKit */ = {
			isa = XCSwiftPackageProductDependency;
			package = 81E624092C587AF8003FE605 /* XCRemoteSwiftPackageReference "SnapKit" */;
			productName = SnapKit;
		};
/* End XCSwiftPackageProductDependency section */
	};
	rootObject = 81E623E42C58754E003FE605 /* Project object */;
}
